// !$*UTF8*$!
{
	archiveVersion = 1;
	classes = {
	};
	objectVersion = 70;
	objects = {

/* Begin PBXBuildFile section */
		885AE39E28946EE2001F3808 /* ShortcutDemoApp.swift in Sources */ = {isa = PBXBuildFile; fileRef = 885AE39D28946EE2001F3808 /* ShortcutDemoApp.swift */; };
		885AE3A028946EE2001F3808 /* ContentView.swift in Sources */ = {isa = PBXBuildFile; fileRef = 885AE39F28946EE2001F3808 /* ContentView.swift */; };
		885AE3A228946EE5001F3808 /* Assets.xcassets in Resources */ = {isa = PBXBuildFile; fileRef = 885AE3A128946EE5001F3808 /* Assets.xcassets */; };
		885AE3A628946EE5001F3808 /* Preview Assets.xcassets in Resources */ = {isa = PBXBuildFile; fileRef = 885AE3A528946EE5001F3808 /* Preview Assets.xcassets */; };
		885AE3AD28946F5C001F3808 /* PurchaseView.swift in Sources */ = {isa = PBXBuildFile; fileRef = 885AE3AC28946F5C001F3808 /* PurchaseView.swift */; };
		885AE3AF28946FCA001F3808 /* HistoryView.swift in Sources */ = {isa = PBXBuildFile; fileRef = 885AE3AE28946FCA001F3808 /* HistoryView.swift */; };
		885AE3B128947001001F3808 /* Purchase.swift in Sources */ = {isa = PBXBuildFile; fileRef = 885AE3B028947001001F3808 /* Purchase.swift */; };
		885AE3B328947038001F3808 /* DetailView.swift in Sources */ = {isa = PBXBuildFile; fileRef = 885AE3B228947038001F3808 /* DetailView.swift */; };
		885AE3B52894705F001F3808 /* PurchaseData.swift in Sources */ = {isa = PBXBuildFile; fileRef = 885AE3B42894705F001F3808 /* PurchaseData.swift */; };
		885AE3B728947086001F3808 /* PurchaseStore.swift in Sources */ = {isa = PBXBuildFile; fileRef = 885AE3B628947086001F3808 /* PurchaseStore.swift */; };
		D23125C42D40A51B002B8729 /* Intents.framework in Frameworks */ = {isa = PBXBuildFile; fileRef = D23125C32D40A51B002B8729 /* Intents.framework */; };
		D23125CF2D40A51B002B8729 /* IntentsUI.framework in Frameworks */ = {isa = PBXBuildFile; fileRef = D23125CE2D40A51B002B8729 /* IntentsUI.framework */; };
		D23125D92D40A51B002B8729 /* ShortcoutDemoIntentUI.appex in Embed Foundation Extensions */ = {isa = PBXBuildFile; fileRef = D23125CD2D40A51B002B8729 /* ShortcoutDemoIntentUI.appex */; settings = {ATTRIBUTES = (RemoveHeadersOnCopy, ); }; };
		D23125DC2D40A51B002B8729 /* ShortcoutDemoIntent.appex in Embed Foundation Extensions */ = {isa = PBXBuildFile; fileRef = D23125C12D40A51B002B8729 /* ShortcoutDemoIntent.appex */; settings = {ATTRIBUTES = (RemoveHeadersOnCopy, ); }; };
		D23125E72D40A56D002B8729 /* Intents.intentdefinition in Sources */ = {isa = PBXBuildFile; fileRef = D23125E62D40A56D002B8729 /* Intents.intentdefinition */; };
		D23125E82D40A56D002B8729 /* Intents.intentdefinition in Sources */ = {isa = PBXBuildFile; fileRef = D23125E62D40A56D002B8729 /* Intents.intentdefinition */; };
		D23125E92D40A56D002B8729 /* Intents.intentdefinition in Sources */ = {isa = PBXBuildFile; fileRef = D23125E62D40A56D002B8729 /* Intents.intentdefinition */; };
		D257B5BE2D40C96A0087DFD6 /* Purchase.swift in Sources */ = {isa = PBXBuildFile; fileRef = 885AE3B028947001001F3808 /* Purchase.swift */; };
		D257B5BF2D40C96A0087DFD6 /* PurchaseStore.swift in Sources */ = {isa = PBXBuildFile; fileRef = 885AE3B628947086001F3808 /* PurchaseStore.swift */; };
		D257B5C02D40C96A0087DFD6 /* PurchaseData.swift in Sources */ = {isa = PBXBuildFile; fileRef = 885AE3B42894705F001F3808 /* PurchaseData.swift */; };
		D257B5C12D40C96A0087DFD6 /* PurchaseStore.swift in Sources */ = {isa = PBXBuildFile; fileRef = 885AE3B628947086001F3808 /* PurchaseStore.swift */; };
		D257B5C22D40C96A0087DFD6 /* Purchase.swift in Sources */ = {isa = PBXBuildFile; fileRef = 885AE3B028947001001F3808 /* Purchase.swift */; };
		D257B5C32D40C96A0087DFD6 /* PurchaseData.swift in Sources */ = {isa = PBXBuildFile; fileRef = 885AE3B42894705F001F3808 /* PurchaseData.swift */; };
/* End PBXBuildFile section */

/* Begin PBXContainerItemProxy section */
		D23125D72D40A51B002B8729 /* PBXContainerItemProxy */ = {
			isa = PBXContainerItemProxy;
			containerPortal = 885AE39228946EE2001F3808 /* Project object */;
			proxyType = 1;
			remoteGlobalIDString = D23125CC2D40A51B002B8729;
			remoteInfo = ShortcoutDemoIntentUI;
		};
		D23125DA2D40A51B002B8729 /* PBXContainerItemProxy */ = {
			isa = PBXContainerItemProxy;
			containerPortal = 885AE39228946EE2001F3808 /* Project object */;
			proxyType = 1;
			remoteGlobalIDString = D23125C02D40A51B002B8729;
			remoteInfo = ShortcoutDemoIntent;
		};
/* End PBXContainerItemProxy section */

/* Begin PBXCopyFilesBuildPhase section */
		D23125E52D40A51B002B8729 /* Embed Foundation Extensions */ = {
			isa = PBXCopyFilesBuildPhase;
			buildActionMask = 2147483647;
			dstPath = "";
			dstSubfolderSpec = 13;
			files = (
				D23125D92D40A51B002B8729 /* ShortcoutDemoIntentUI.appex in Embed Foundation Extensions */,
				D23125DC2D40A51B002B8729 /* ShortcoutDemoIntent.appex in Embed Foundation Extensions */,
			);
			name = "Embed Foundation Extensions";
			runOnlyForDeploymentPostprocessing = 0;
		};
/* End PBXCopyFilesBuildPhase section */

/* Begin PBXFileReference section */
		885AE39A28946EE2001F3808 /* ShortcutDemo.app */ = {isa = PBXFileReference; explicitFileType = wrapper.application; includeInIndex = 0; path = ShortcutDemo.app; sourceTree = BUILT_PRODUCTS_DIR; };
		885AE39D28946EE2001F3808 /* ShortcutDemoApp.swift */ = {isa = PBXFileReference; lastKnownFileType = sourcecode.swift; path = ShortcutDemoApp.swift; sourceTree = "<group>"; };
		885AE39F28946EE2001F3808 /* ContentView.swift */ = {isa = PBXFileReference; lastKnownFileType = sourcecode.swift; path = ContentView.swift; sourceTree = "<group>"; };
		885AE3A128946EE5001F3808 /* Assets.xcassets */ = {isa = PBXFileReference; lastKnownFileType = folder.assetcatalog; path = Assets.xcassets; sourceTree = "<group>"; };
		885AE3A328946EE5001F3808 /* ShortcutDemo.entitlements */ = {isa = PBXFileReference; lastKnownFileType = text.plist.entitlements; path = ShortcutDemo.entitlements; sourceTree = "<group>"; };
		885AE3A528946EE5001F3808 /* Preview Assets.xcassets */ = {isa = PBXFileReference; lastKnownFileType = folder.assetcatalog; path = "Preview Assets.xcassets"; sourceTree = "<group>"; };
		885AE3AC28946F5C001F3808 /* PurchaseView.swift */ = {isa = PBXFileReference; lastKnownFileType = sourcecode.swift; path = PurchaseView.swift; sourceTree = "<group>"; };
		885AE3AE28946FCA001F3808 /* HistoryView.swift */ = {isa = PBXFileReference; lastKnownFileType = sourcecode.swift; path = HistoryView.swift; sourceTree = "<group>"; };
		885AE3B028947001001F3808 /* Purchase.swift */ = {isa = PBXFileReference; lastKnownFileType = sourcecode.swift; path = Purchase.swift; sourceTree = "<group>"; };
		885AE3B228947038001F3808 /* DetailView.swift */ = {isa = PBXFileReference; lastKnownFileType = sourcecode.swift; path = DetailView.swift; sourceTree = "<group>"; };
		885AE3B42894705F001F3808 /* PurchaseData.swift */ = {isa = PBXFileReference; lastKnownFileType = sourcecode.swift; path = PurchaseData.swift; sourceTree = "<group>"; };
		885AE3B628947086001F3808 /* PurchaseStore.swift */ = {isa = PBXFileReference; lastKnownFileType = sourcecode.swift; path = PurchaseStore.swift; sourceTree = "<group>"; };
		D23125C12D40A51B002B8729 /* ShortcoutDemoIntent.appex */ = {isa = PBXFileReference; explicitFileType = "wrapper.app-extension"; includeInIndex = 0; path = ShortcoutDemoIntent.appex; sourceTree = BUILT_PRODUCTS_DIR; };
		D23125C32D40A51B002B8729 /* Intents.framework */ = {isa = PBXFileReference; lastKnownFileType = wrapper.framework; name = Intents.framework; path = System/Library/Frameworks/Intents.framework; sourceTree = SDKROOT; };
		D23125CD2D40A51B002B8729 /* ShortcoutDemoIntentUI.appex */ = {isa = PBXFileReference; explicitFileType = "wrapper.app-extension"; includeInIndex = 0; path = ShortcoutDemoIntentUI.appex; sourceTree = BUILT_PRODUCTS_DIR; };
		D23125CE2D40A51B002B8729 /* IntentsUI.framework */ = {isa = PBXFileReference; lastKnownFileType = wrapper.framework; name = IntentsUI.framework; path = System/Library/Frameworks/IntentsUI.framework; sourceTree = SDKROOT; };
		D23125E62D40A56D002B8729 /* Intents.intentdefinition */ = {isa = PBXFileReference; lastKnownFileType = file.intentdefinition; path = Intents.intentdefinition; sourceTree = "<group>"; };
		D257B5B92D40C7240087DFD6 /* Info.plist */ = {isa = PBXFileReference; lastKnownFileType = text.plist; path = Info.plist; sourceTree = "<group>"; };
/* End PBXFileReference section */

/* Begin PBXFileSystemSynchronizedBuildFileExceptionSet section */
		D23125DD2D40A51B002B8729 /* PBXFileSystemSynchronizedBuildFileExceptionSet */ = {
			isa = PBXFileSystemSynchronizedBuildFileExceptionSet;
			membershipExceptions = (
				Info.plist,
			);
			target = D23125C02D40A51B002B8729 /* ShortcoutDemoIntent */;
		};
		D23125E12D40A51B002B8729 /* PBXFileSystemSynchronizedBuildFileExceptionSet */ = {
			isa = PBXFileSystemSynchronizedBuildFileExceptionSet;
			membershipExceptions = (
				Info.plist,
			);
			target = D23125CC2D40A51B002B8729 /* ShortcoutDemoIntentUI */;
		};
		D257B5BC2D40C9540087DFD6 /* PBXFileSystemSynchronizedBuildFileExceptionSet */ = {
			isa = PBXFileSystemSynchronizedBuildFileExceptionSet;
			membershipExceptions = (
				IntentHandler.swift,
			);
			target = 885AE39928946EE2001F3808 /* ShortcutDemo */;
		};
		D257B5BD2D40C9540087DFD6 /* PBXFileSystemSynchronizedBuildFileExceptionSet */ = {
			isa = PBXFileSystemSynchronizedBuildFileExceptionSet;
			membershipExceptions = (
				IntentHandler.swift,
			);
			target = D23125CC2D40A51B002B8729 /* ShortcoutDemoIntentUI */;
		};
/* End PBXFileSystemSynchronizedBuildFileExceptionSet section */

/* Begin PBXFileSystemSynchronizedRootGroup section */
		D23125C52D40A51B002B8729 /* ShortcoutDemoIntent */ = {isa = PBXFileSystemSynchronizedRootGroup; exceptions = (D257B5BC2D40C9540087DFD6 /* PBXFileSystemSynchronizedBuildFileExceptionSet */, D23125DD2D40A51B002B8729 /* PBXFileSystemSynchronizedBuildFileExceptionSet */, D257B5BD2D40C9540087DFD6 /* PBXFileSystemSynchronizedBuildFileExceptionSet */, ); explicitFileTypes = {}; explicitFolders = (); path = ShortcoutDemoIntent; sourceTree = "<group>"; };
		D23125D02D40A51B002B8729 /* ShortcoutDemoIntentUI */ = {isa = PBXFileSystemSynchronizedRootGroup; exceptions = (D23125E12D40A51B002B8729 /* PBXFileSystemSynchronizedBuildFileExceptionSet */, ); explicitFileTypes = {}; explicitFolders = (); path = ShortcoutDemoIntentUI; sourceTree = "<group>"; };
/* End PBXFileSystemSynchronizedRootGroup section */

/* Begin PBXFrameworksBuildPhase section */
		885AE39728946EE2001F3808 /* Frameworks */ = {
			isa = PBXFrameworksBuildPhase;
			buildActionMask = 2147483647;
			files = (
			);
			runOnlyForDeploymentPostprocessing = 0;
		};
		D23125BE2D40A51B002B8729 /* Frameworks */ = {
			isa = PBXFrameworksBuildPhase;
			buildActionMask = 2147483647;
			files = (
				D23125C42D40A51B002B8729 /* Intents.framework in Frameworks */,
			);
			runOnlyForDeploymentPostprocessing = 0;
		};
		D23125CA2D40A51B002B8729 /* Frameworks */ = {
			isa = PBXFrameworksBuildPhase;
			buildActionMask = 2147483647;
			files = (
				D23125CF2D40A51B002B8729 /* IntentsUI.framework in Frameworks */,
			);
			runOnlyForDeploymentPostprocessing = 0;
		};
/* End PBXFrameworksBuildPhase section */

/* Begin PBXGroup section */
		885AE39128946EE2001F3808 = {
			isa = PBXGroup;
			children = (
				885AE39C28946EE2001F3808 /* ShortcutDemo */,
				D23125C52D40A51B002B8729 /* ShortcoutDemoIntent */,
				D23125D02D40A51B002B8729 /* ShortcoutDemoIntentUI */,
				D23125C22D40A51B002B8729 /* Frameworks */,
				885AE39B28946EE2001F3808 /* Products */,
			);
			sourceTree = "<group>";
		};
		885AE39B28946EE2001F3808 /* Products */ = {
			isa = PBXGroup;
			children = (
				885AE39A28946EE2001F3808 /* ShortcutDemo.app */,
				D23125C12D40A51B002B8729 /* ShortcoutDemoIntent.appex */,
				D23125CD2D40A51B002B8729 /* ShortcoutDemoIntentUI.appex */,
			);
			name = Products;
			sourceTree = "<group>";
		};
		885AE39C28946EE2001F3808 /* ShortcutDemo */ = {
			isa = PBXGroup;
			children = (
				D257B5B92D40C7240087DFD6 /* Info.plist */,
				885AE39D28946EE2001F3808 /* ShortcutDemoApp.swift */,
				885AE39F28946EE2001F3808 /* ContentView.swift */,
				885AE3A128946EE5001F3808 /* Assets.xcassets */,
				885AE3A328946EE5001F3808 /* ShortcutDemo.entitlements */,
				885AE3AC28946F5C001F3808 /* PurchaseView.swift */,
				885AE3AE28946FCA001F3808 /* HistoryView.swift */,
				885AE3B028947001001F3808 /* Purchase.swift */,
				885AE3B228947038001F3808 /* DetailView.swift */,
				885AE3B42894705F001F3808 /* PurchaseData.swift */,
				885AE3B628947086001F3808 /* PurchaseStore.swift */,
				885AE3A428946EE5001F3808 /* Preview Content */,
				D23125E62D40A56D002B8729 /* Intents.intentdefinition */,
			);
			path = ShortcutDemo;
			sourceTree = "<group>";
		};
		885AE3A428946EE5001F3808 /* Preview Content */ = {
			isa = PBXGroup;
			children = (
				885AE3A528946EE5001F3808 /* Preview Assets.xcassets */,
			);
			path = "Preview Content";
			sourceTree = "<group>";
		};
		D23125C22D40A51B002B8729 /* Frameworks */ = {
			isa = PBXGroup;
			children = (
				D23125C32D40A51B002B8729 /* Intents.framework */,
				D23125CE2D40A51B002B8729 /* IntentsUI.framework */,
			);
			name = Frameworks;
			sourceTree = "<group>";
		};
/* End PBXGroup section */

/* Begin PBXNativeTarget section */
		885AE39928946EE2001F3808 /* ShortcutDemo */ = {
			isa = PBXNativeTarget;
			buildConfigurationList = 885AE3A928946EE5001F3808 /* Build configuration list for PBXNativeTarget "ShortcutDemo" */;
			buildPhases = (
				885AE39628946EE2001F3808 /* Sources */,
				885AE39728946EE2001F3808 /* Frameworks */,
				885AE39828946EE2001F3808 /* Resources */,
				D23125E52D40A51B002B8729 /* Embed Foundation Extensions */,
			);
			buildRules = (
			);
			dependencies = (
				D23125D82D40A51B002B8729 /* PBXTargetDependency */,
				D23125DB2D40A51B002B8729 /* PBXTargetDependency */,
			);
			name = ShortcutDemo;
			productName = ShortcutDemo;
			productReference = 885AE39A28946EE2001F3808 /* ShortcutDemo.app */;
			productType = "com.apple.product-type.application";
		};
		D23125C02D40A51B002B8729 /* ShortcoutDemoIntent */ = {
			isa = PBXNativeTarget;
			buildConfigurationList = D23125DE2D40A51B002B8729 /* Build configuration list for PBXNativeTarget "ShortcoutDemoIntent" */;
			buildPhases = (
				D23125BD2D40A51B002B8729 /* Sources */,
				D23125BE2D40A51B002B8729 /* Frameworks */,
				D23125BF2D40A51B002B8729 /* Resources */,
			);
			buildRules = (
			);
			dependencies = (
			);
			fileSystemSynchronizedGroups = (
				D23125C52D40A51B002B8729 /* ShortcoutDemoIntent */,
			);
			name = ShortcoutDemoIntent;
			packageProductDependencies = (
			);
			productName = ShortcoutDemoIntent;
			productReference = D23125C12D40A51B002B8729 /* ShortcoutDemoIntent.appex */;
			productType = "com.apple.product-type.app-extension";
		};
		D23125CC2D40A51B002B8729 /* ShortcoutDemoIntentUI */ = {
			isa = PBXNativeTarget;
			buildConfigurationList = D23125E22D40A51B002B8729 /* Build configuration list for PBXNativeTarget "ShortcoutDemoIntentUI" */;
			buildPhases = (
				D23125C92D40A51B002B8729 /* Sources */,
				D23125CA2D40A51B002B8729 /* Frameworks */,
				D23125CB2D40A51B002B8729 /* Resources */,
			);
			buildRules = (
			);
			dependencies = (
			);
			fileSystemSynchronizedGroups = (
				D23125D02D40A51B002B8729 /* ShortcoutDemoIntentUI */,
			);
			name = ShortcoutDemoIntentUI;
			packageProductDependencies = (
			);
			productName = ShortcoutDemoIntentUI;
			productReference = D23125CD2D40A51B002B8729 /* ShortcoutDemoIntentUI.appex */;
			productType = "com.apple.product-type.app-extension";
		};
/* End PBXNativeTarget section */

/* Begin PBXProject section */
		885AE39228946EE2001F3808 /* Project object */ = {
			isa = PBXProject;
			attributes = {
				BuildIndependentTargetsInParallel = 1;
				LastSwiftUpdateCheck = 1620;
				LastUpgradeCheck = 1400;
				TargetAttributes = {
					885AE39928946EE2001F3808 = {
						CreatedOnToolsVersion = 14.0;
					};
					D23125C02D40A51B002B8729 = {
						CreatedOnToolsVersion = 16.2;
					};
					D23125CC2D40A51B002B8729 = {
						CreatedOnToolsVersion = 16.2;
					};
				};
			};
			buildConfigurationList = 885AE39528946EE2001F3808 /* Build configuration list for PBXProject "ShortcutDemo" */;
			compatibilityVersion = "Xcode 14.0";
			developmentRegion = en;
			hasScannedForEncodings = 0;
			knownRegions = (
				en,
				Base,
			);
			mainGroup = 885AE39128946EE2001F3808;
			productRefGroup = 885AE39B28946EE2001F3808 /* Products */;
			projectDirPath = "";
			projectRoot = "";
			targets = (
				885AE39928946EE2001F3808 /* ShortcutDemo */,
				D23125C02D40A51B002B8729 /* ShortcoutDemoIntent */,
				D23125CC2D40A51B002B8729 /* ShortcoutDemoIntentUI */,
			);
		};
/* End PBXProject section */

/* Begin PBXResourcesBuildPhase section */
		885AE39828946EE2001F3808 /* Resources */ = {
			isa = PBXResourcesBuildPhase;
			buildActionMask = 2147483647;
			files = (
				885AE3A628946EE5001F3808 /* Preview Assets.xcassets in Resources */,
				885AE3A228946EE5001F3808 /* Assets.xcassets in Resources */,
			);
			runOnlyForDeploymentPostprocessing = 0;
		};
		D23125BF2D40A51B002B8729 /* Resources */ = {
			isa = PBXResourcesBuildPhase;
			buildActionMask = 2147483647;
			files = (
			);
			runOnlyForDeploymentPostprocessing = 0;
		};
		D23125CB2D40A51B002B8729 /* Resources */ = {
			isa = PBXResourcesBuildPhase;
			buildActionMask = 2147483647;
			files = (
			);
			runOnlyForDeploymentPostprocessing = 0;
		};
/* End PBXResourcesBuildPhase section */

/* Begin PBXSourcesBuildPhase section */
		885AE39628946EE2001F3808 /* Sources */ = {
			isa = PBXSourcesBuildPhase;
			buildActionMask = 2147483647;
			files = (
				885AE3B52894705F001F3808 /* PurchaseData.swift in Sources */,
				885AE3AD28946F5C001F3808 /* PurchaseView.swift in Sources */,
				885AE3B328947038001F3808 /* DetailView.swift in Sources */,
				D23125E72D40A56D002B8729 /* Intents.intentdefinition in Sources */,
				885AE3B128947001001F3808 /* Purchase.swift in Sources */,
				885AE3AF28946FCA001F3808 /* HistoryView.swift in Sources */,
				885AE3A028946EE2001F3808 /* ContentView.swift in Sources */,
				885AE3B728947086001F3808 /* PurchaseStore.swift in Sources */,
				885AE39E28946EE2001F3808 /* ShortcutDemoApp.swift in Sources */,
			);
			runOnlyForDeploymentPostprocessing = 0;
		};
		D23125BD2D40A51B002B8729 /* Sources */ = {
			isa = PBXSourcesBuildPhase;
			buildActionMask = 2147483647;
			files = (
				D257B5BE2D40C96A0087DFD6 /* Purchase.swift in Sources */,
				D257B5BF2D40C96A0087DFD6 /* PurchaseStore.swift in Sources */,
				D257B5C02D40C96A0087DFD6 /* PurchaseData.swift in Sources */,
				D23125E82D40A56D002B8729 /* Intents.intentdefinition in Sources */,
			);
			runOnlyForDeploymentPostprocessing = 0;
		};
		D23125C92D40A51B002B8729 /* Sources */ = {
			isa = PBXSourcesBuildPhase;
			buildActionMask = 2147483647;
			files = (
				D257B5C12D40C96A0087DFD6 /* PurchaseStore.swift in Sources */,
				D257B5C22D40C96A0087DFD6 /* Purchase.swift in Sources */,
				D257B5C32D40C96A0087DFD6 /* PurchaseData.swift in Sources */,
				D23125E92D40A56D002B8729 /* Intents.intentdefinition in Sources */,
			);
			runOnlyForDeploymentPostprocessing = 0;
		};
/* End PBXSourcesBuildPhase section */

/* Begin PBXTargetDependency section */
		D23125D82D40A51B002B8729 /* PBXTargetDependency */ = {
			isa = PBXTargetDependency;
			target = D23125CC2D40A51B002B8729 /* ShortcoutDemoIntentUI */;
			targetProxy = D23125D72D40A51B002B8729 /* PBXContainerItemProxy */;
		};
		D23125DB2D40A51B002B8729 /* PBXTargetDependency */ = {
			isa = PBXTargetDependency;
			target = D23125C02D40A51B002B8729 /* ShortcoutDemoIntent */;
			targetProxy = D23125DA2D40A51B002B8729 /* PBXContainerItemProxy */;
		};
/* End PBXTargetDependency section */

/* Begin XCBuildConfiguration section */
		885AE3A728946EE5001F3808 /* Debug */ = {
			isa = XCBuildConfiguration;
			buildSettings = {
				ALWAYS_SEARCH_USER_PATHS = NO;
				CLANG_ANALYZER_NONNULL = YES;
				CLANG_ANALYZER_NUMBER_OBJECT_CONVERSION = YES_AGGRESSIVE;
				CLANG_CXX_LANGUAGE_STANDARD = "gnu++20";
				CLANG_ENABLE_MODULES = YES;
				CLANG_ENABLE_OBJC_ARC = YES;
				CLANG_ENABLE_OBJC_WEAK = YES;
				CLANG_WARN_BLOCK_CAPTURE_AUTORELEASING = YES;
				CLANG_WARN_BOOL_CONVERSION = YES;
				CLANG_WARN_COMMA = YES;
				CLANG_WARN_CONSTANT_CONVERSION = YES;
				CLANG_WARN_DEPRECATED_OBJC_IMPLEMENTATIONS = YES;
				CLANG_WARN_DIRECT_OBJC_ISA_USAGE = YES_ERROR;
				CLANG_WARN_DOCUMENTATION_COMMENTS = YES;
				CLANG_WARN_EMPTY_BODY = YES;
				CLANG_WARN_ENUM_CONVERSION = YES;
				CLANG_WARN_INFINITE_RECURSION = YES;
				CLANG_WARN_INT_CONVERSION = YES;
				CLANG_WARN_NON_LITERAL_NULL_CONVERSION = YES;
				CLANG_WARN_OBJC_IMPLICIT_RETAIN_SELF = YES;
				CLANG_WARN_OBJC_LITERAL_CONVERSION = YES;
				CLANG_WARN_OBJC_ROOT_CLASS = YES_ERROR;
				CLANG_WARN_QUOTED_INCLUDE_IN_FRAMEWORK_HEADER = YES;
				CLANG_WARN_RANGE_LOOP_ANALYSIS = YES;
				CLANG_WARN_STRICT_PROTOTYPES = YES;
				CLANG_WARN_SUSPICIOUS_MOVE = YES;
				CLANG_WARN_UNGUARDED_AVAILABILITY = YES_AGGRESSIVE;
				CLANG_WARN_UNREACHABLE_CODE = YES;
				CLANG_WARN__DUPLICATE_METHOD_MATCH = YES;
				COPY_PHASE_STRIP = NO;
				DEBUG_INFORMATION_FORMAT = dwarf;
				ENABLE_STRICT_OBJC_MSGSEND = YES;
				ENABLE_TESTABILITY = YES;
				GCC_C_LANGUAGE_STANDARD = gnu11;
				GCC_DYNAMIC_NO_PIC = NO;
				GCC_NO_COMMON_BLOCKS = YES;
				GCC_OPTIMIZATION_LEVEL = 0;
				GCC_PREPROCESSOR_DEFINITIONS = (
					"DEBUG=1",
					"$(inherited)",
				);
				GCC_WARN_64_TO_32_BIT_CONVERSION = YES;
				GCC_WARN_ABOUT_RETURN_TYPE = YES_ERROR;
				GCC_WARN_UNDECLARED_SELECTOR = YES;
				GCC_WARN_UNINITIALIZED_AUTOS = YES_AGGRESSIVE;
				GCC_WARN_UNUSED_FUNCTION = YES;
				GCC_WARN_UNUSED_VARIABLE = YES;
				MTL_ENABLE_DEBUG_INFO = INCLUDE_SOURCE;
				MTL_FAST_MATH = YES;
				ONLY_ACTIVE_ARCH = YES;
				SWIFT_ACTIVE_COMPILATION_CONDITIONS = DEBUG;
				SWIFT_OPTIMIZATION_LEVEL = "-Onone";
			};
			name = Debug;
		};
		885AE3A828946EE5001F3808 /* Release */ = {
			isa = XCBuildConfiguration;
			buildSettings = {
				ALWAYS_SEARCH_USER_PATHS = NO;
				CLANG_ANALYZER_NONNULL = YES;
				CLANG_ANALYZER_NUMBER_OBJECT_CONVERSION = YES_AGGRESSIVE;
				CLANG_CXX_LANGUAGE_STANDARD = "gnu++20";
				CLANG_ENABLE_MODULES = YES;
				CLANG_ENABLE_OBJC_ARC = YES;
				CLANG_ENABLE_OBJC_WEAK = YES;
				CLANG_WARN_BLOCK_CAPTURE_AUTORELEASING = YES;
				CLANG_WARN_BOOL_CONVERSION = YES;
				CLANG_WARN_COMMA = YES;
				CLANG_WARN_CONSTANT_CONVERSION = YES;
				CLANG_WARN_DEPRECATED_OBJC_IMPLEMENTATIONS = YES;
				CLANG_WARN_DIRECT_OBJC_ISA_USAGE = YES_ERROR;
				CLANG_WARN_DOCUMENTATION_COMMENTS = YES;
				CLANG_WARN_EMPTY_BODY = YES;
				CLANG_WARN_ENUM_CONVERSION = YES;
				CLANG_WARN_INFINITE_RECURSION = YES;
				CLANG_WARN_INT_CONVERSION = YES;
				CLANG_WARN_NON_LITERAL_NULL_CONVERSION = YES;
				CLANG_WARN_OBJC_IMPLICIT_RETAIN_SELF = YES;
				CLANG_WARN_OBJC_LITERAL_CONVERSION = YES;
				CLANG_WARN_OBJC_ROOT_CLASS = YES_ERROR;
				CLANG_WARN_QUOTED_INCLUDE_IN_FRAMEWORK_HEADER = YES;
				CLANG_WARN_RANGE_LOOP_ANALYSIS = YES;
				CLANG_WARN_STRICT_PROTOTYPES = YES;
				CLANG_WARN_SUSPICIOUS_MOVE = YES;
				CLANG_WARN_UNGUARDED_AVAILABILITY = YES_AGGRESSIVE;
				CLANG_WARN_UNREACHABLE_CODE = YES;
				CLANG_WARN__DUPLICATE_METHOD_MATCH = YES;
				COPY_PHASE_STRIP = NO;
				DEBUG_INFORMATION_FORMAT = "dwarf-with-dsym";
				ENABLE_NS_ASSERTIONS = NO;
				ENABLE_STRICT_OBJC_MSGSEND = YES;
				GCC_C_LANGUAGE_STANDARD = gnu11;
				GCC_NO_COMMON_BLOCKS = YES;
				GCC_WARN_64_TO_32_BIT_CONVERSION = YES;
				GCC_WARN_ABOUT_RETURN_TYPE = YES_ERROR;
				GCC_WARN_UNDECLARED_SELECTOR = YES;
				GCC_WARN_UNINITIALIZED_AUTOS = YES_AGGRESSIVE;
				GCC_WARN_UNUSED_FUNCTION = YES;
				GCC_WARN_UNUSED_VARIABLE = YES;
				MTL_ENABLE_DEBUG_INFO = NO;
				MTL_FAST_MATH = YES;
				SWIFT_COMPILATION_MODE = wholemodule;
				SWIFT_OPTIMIZATION_LEVEL = "-O";
			};
			name = Release;
		};
		885AE3AA28946EE5001F3808 /* Debug */ = {
			isa = XCBuildConfiguration;
			buildSettings = {
				ASSETCATALOG_COMPILER_APPICON_NAME = AppIcon;
				ASSETCATALOG_COMPILER_GLOBAL_ACCENT_COLOR_NAME = AccentColor;
				CODE_SIGN_ENTITLEMENTS = ShortcutDemo/ShortcutDemo.entitlements;
				CODE_SIGN_STYLE = Automatic;
				CURRENT_PROJECT_VERSION = 1;
				DEVELOPMENT_ASSET_PATHS = "\"ShortcutDemo/Preview Content\"";
				DEVELOPMENT_TEAM = 59FP2PXRXK;
				ENABLE_HARDENED_RUNTIME = YES;
				ENABLE_PREVIEWS = YES;
				GENERATE_INFOPLIST_FILE = YES;
				INFOPLIST_FILE = ShortcutDemo/Info.plist;
				INFOPLIST_KEY_NSSiriUsageDescription = "Siri support is used to suggest shortcuts";
				"INFOPLIST_KEY_UIApplicationSceneManifest_Generation[sdk=iphoneos*]" = YES;
				"INFOPLIST_KEY_UIApplicationSceneManifest_Generation[sdk=iphonesimulator*]" = YES;
				"INFOPLIST_KEY_UIApplicationSupportsIndirectInputEvents[sdk=iphoneos*]" = YES;
				"INFOPLIST_KEY_UIApplicationSupportsIndirectInputEvents[sdk=iphonesimulator*]" = YES;
				"INFOPLIST_KEY_UILaunchScreen_Generation[sdk=iphoneos*]" = YES;
				"INFOPLIST_KEY_UILaunchScreen_Generation[sdk=iphonesimulator*]" = YES;
				INFOPLIST_KEY_UISupportedInterfaceOrientations_iPad = "UIInterfaceOrientationPortrait UIInterfaceOrientationPortraitUpsideDown UIInterfaceOrientationLandscapeLeft UIInterfaceOrientationLandscapeRight";
				INFOPLIST_KEY_UISupportedInterfaceOrientations_iPhone = "UIInterfaceOrientationPortrait UIInterfaceOrientationPortrait UIInterfaceOrientationLandscapeLeft UIInterfaceOrientationLandscapeRight";
				IPHONEOS_DEPLOYMENT_TARGET = 16.0;
				LD_RUNPATH_SEARCH_PATHS = "@executable_path/Frameworks";
				"LD_RUNPATH_SEARCH_PATHS[sdk=macosx*]" = "@executable_path/../Frameworks";
				MACOSX_DEPLOYMENT_TARGET = 12.5;
				MARKETING_VERSION = 1.0;
				PRODUCT_BUNDLE_IDENTIFIER = sg.ShortcutDemo;
				PRODUCT_NAME = "$(TARGET_NAME)";
				SDKROOT = auto;
				SUPPORTED_PLATFORMS = "iphoneos iphonesimulator macosx";
				SWIFT_EMIT_LOC_STRINGS = YES;
				SWIFT_VERSION = 5.0;
				TARGETED_DEVICE_FAMILY = "1,2";
			};
			name = Debug;
		};
		885AE3AB28946EE5001F3808 /* Release */ = {
			isa = XCBuildConfiguration;
			buildSettings = {
				ASSETCATALOG_COMPILER_APPICON_NAME = AppIcon;
				ASSETCATALOG_COMPILER_GLOBAL_ACCENT_COLOR_NAME = AccentColor;
				CODE_SIGN_ENTITLEMENTS = ShortcutDemo/ShortcutDemo.entitlements;
				CODE_SIGN_STYLE = Automatic;
				CURRENT_PROJECT_VERSION = 1;
				DEVELOPMENT_ASSET_PATHS = "\"ShortcutDemo/Preview Content\"";
				DEVELOPMENT_TEAM = 59FP2PXRXK;
				ENABLE_HARDENED_RUNTIME = YES;
				ENABLE_PREVIEWS = YES;
				GENERATE_INFOPLIST_FILE = YES;
				INFOPLIST_FILE = ShortcutDemo/Info.plist;
				INFOPLIST_KEY_NSSiriUsageDescription = "Siri support is used to suggest shortcuts";
				"INFOPLIST_KEY_UIApplicationSceneManifest_Generation[sdk=iphoneos*]" = YES;
				"INFOPLIST_KEY_UIApplicationSceneManifest_Generation[sdk=iphonesimulator*]" = YES;
				"INFOPLIST_KEY_UIApplicationSupportsIndirectInputEvents[sdk=iphoneos*]" = YES;
				"INFOPLIST_KEY_UIApplicationSupportsIndirectInputEvents[sdk=iphonesimulator*]" = YES;
				"INFOPLIST_KEY_UILaunchScreen_Generation[sdk=iphoneos*]" = YES;
				"INFOPLIST_KEY_UILaunchScreen_Generation[sdk=iphonesimulator*]" = YES;
				INFOPLIST_KEY_UISupportedInterfaceOrientations_iPad = "UIInterfaceOrientationPortrait UIInterfaceOrientationPortraitUpsideDown UIInterfaceOrientationLandscapeLeft UIInterfaceOrientationLandscapeRight";
				INFOPLIST_KEY_UISupportedInterfaceOrientations_iPhone = "UIInterfaceOrientationPortrait UIInterfaceOrientationPortrait UIInterfaceOrientationLandscapeLeft UIInterfaceOrientationLandscapeRight";
				IPHONEOS_DEPLOYMENT_TARGET = 16.0;
				LD_RUNPATH_SEARCH_PATHS = "@executable_path/Frameworks";
				"LD_RUNPATH_SEARCH_PATHS[sdk=macosx*]" = "@executable_path/../Frameworks";
				MACOSX_DEPLOYMENT_TARGET = 12.5;
				MARKETING_VERSION = 1.0;
				PRODUCT_BUNDLE_IDENTIFIER = sg.ShortcutDemo;
				PRODUCT_NAME = "$(TARGET_NAME)";
				SDKROOT = auto;
				SUPPORTED_PLATFORMS = "iphoneos iphonesimulator macosx";
				SWIFT_EMIT_LOC_STRINGS = YES;
				SWIFT_VERSION = 5.0;
				TARGETED_DEVICE_FAMILY = "1,2";
			};
			name = Release;
		};
		D23125DF2D40A51B002B8729 /* Debug */ = {
			isa = XCBuildConfiguration;
			buildSettings = {
				ASSETCATALOG_COMPILER_GENERATE_SWIFT_ASSET_SYMBOL_EXTENSIONS = YES;
				CODE_SIGN_ENTITLEMENTS = ShortcoutDemoIntent/ShortcoutDemoIntent.entitlements;
				CODE_SIGN_STYLE = Automatic;
				CURRENT_PROJECT_VERSION = 1;
				DEVELOPMENT_TEAM = 59FP2PXRXK;
				ENABLE_USER_SCRIPT_SANDBOXING = YES;
				GCC_C_LANGUAGE_STANDARD = gnu17;
				GENERATE_INFOPLIST_FILE = YES;
				INFOPLIST_FILE = ShortcoutDemoIntent/Info.plist;
				INFOPLIST_KEY_CFBundleDisplayName = ShortcoutDemoIntent;
				INFOPLIST_KEY_NSHumanReadableCopyright = "";
				IPHONEOS_DEPLOYMENT_TARGET = 18.2;
				LD_RUNPATH_SEARCH_PATHS = (
					"$(inherited)",
					"@executable_path/Frameworks",
					"@executable_path/../../Frameworks",
				);
				LOCALIZATION_PREFERS_STRING_CATALOGS = YES;
				MARKETING_VERSION = 1.0;
				PRODUCT_BUNDLE_IDENTIFIER = sg.ShortcutDemo.ShortcoutDemoIntent;
				PRODUCT_NAME = "$(TARGET_NAME)";
				SDKROOT = iphoneos;
				SKIP_INSTALL = YES;
				SWIFT_ACTIVE_COMPILATION_CONDITIONS = "DEBUG $(inherited)";
				SWIFT_EMIT_LOC_STRINGS = YES;
				SWIFT_VERSION = 5.0;
				TARGETED_DEVICE_FAMILY = "1,2";
			};
			name = Debug;
		};
		D23125E02D40A51B002B8729 /* Release */ = {
			isa = XCBuildConfiguration;
			buildSettings = {
				ASSETCATALOG_COMPILER_GENERATE_SWIFT_ASSET_SYMBOL_EXTENSIONS = YES;
				CODE_SIGN_ENTITLEMENTS = ShortcoutDemoIntent/ShortcoutDemoIntent.entitlements;
				CODE_SIGN_STYLE = Automatic;
				CURRENT_PROJECT_VERSION = 1;
				DEVELOPMENT_TEAM = 59FP2PXRXK;
				ENABLE_USER_SCRIPT_SANDBOXING = YES;
				GCC_C_LANGUAGE_STANDARD = gnu17;
				GENERATE_INFOPLIST_FILE = YES;
				INFOPLIST_FILE = ShortcoutDemoIntent/Info.plist;
				INFOPLIST_KEY_CFBundleDisplayName = ShortcoutDemoIntent;
				INFOPLIST_KEY_NSHumanReadableCopyright = "";
				IPHONEOS_DEPLOYMENT_TARGET = 18.2;
				LD_RUNPATH_SEARCH_PATHS = (
					"$(inherited)",
					"@executable_path/Frameworks",
					"@executable_path/../../Frameworks",
				);
				LOCALIZATION_PREFERS_STRING_CATALOGS = YES;
				MARKETING_VERSION = 1.0;
				PRODUCT_BUNDLE_IDENTIFIER = sg.ShortcutDemo.ShortcoutDemoIntent;
				PRODUCT_NAME = "$(TARGET_NAME)";
				SDKROOT = iphoneos;
				SKIP_INSTALL = YES;
				SWIFT_EMIT_LOC_STRINGS = YES;
				SWIFT_VERSION = 5.0;
				TARGETED_DEVICE_FAMILY = "1,2";
				VALIDATE_PRODUCT = YES;
			};
			name = Release;
		};
		D23125E32D40A51B002B8729 /* Debug */ = {
			isa = XCBuildConfiguration;
			buildSettings = {
				ASSETCATALOG_COMPILER_GENERATE_SWIFT_ASSET_SYMBOL_EXTENSIONS = YES;
				CODE_SIGN_STYLE = Automatic;
				CURRENT_PROJECT_VERSION = 1;
				DEVELOPMENT_TEAM = 59FP2PXRXK;
				ENABLE_USER_SCRIPT_SANDBOXING = YES;
				GCC_C_LANGUAGE_STANDARD = gnu17;
				GENERATE_INFOPLIST_FILE = YES;
				INFOPLIST_FILE = ShortcoutDemoIntentUI/Info.plist;
				INFOPLIST_KEY_CFBundleDisplayName = ShortcoutDemoIntentUI;
				INFOPLIST_KEY_NSHumanReadableCopyright = "";
				IPHONEOS_DEPLOYMENT_TARGET = 18.2;
				LD_RUNPATH_SEARCH_PATHS = (
					"$(inherited)",
					"@executable_path/Frameworks",
					"@executable_path/../../Frameworks",
				);
				LOCALIZATION_PREFERS_STRING_CATALOGS = YES;
				MARKETING_VERSION = 1.0;
				PRODUCT_BUNDLE_IDENTIFIER = sg.ShortcutDemo.ShortcoutDemoIntentUI;
				PRODUCT_NAME = "$(TARGET_NAME)";
				SDKROOT = iphoneos;
				SKIP_INSTALL = YES;
				SWIFT_ACTIVE_COMPILATION_CONDITIONS = "DEBUG $(inherited)";
				SWIFT_EMIT_LOC_STRINGS = YES;
				SWIFT_VERSION = 5.0;
				TARGETED_DEVICE_FAMILY = "1,2";
			};
			name = Debug;
		};
		D23125E42D40A51B002B8729 /* Release */ = {
			isa = XCBuildConfiguration;
			buildSettings = {
				ASSETCATALOG_COMPILER_GENERATE_SWIFT_ASSET_SYMBOL_EXTENSIONS = YES;
				CODE_SIGN_STYLE = Automatic;
				CURRENT_PROJECT_VERSION = 1;
				DEVELOPMENT_TEAM = 59FP2PXRXK;
				ENABLE_USER_SCRIPT_SANDBOXING = YES;
				GCC_C_LANGUAGE_STANDARD = gnu17;
				GENERATE_INFOPLIST_FILE = YES;
				INFOPLIST_FILE = ShortcoutDemoIntentUI/Info.plist;
				INFOPLIST_KEY_CFBundleDisplayName = ShortcoutDemoIntentUI;
				INFOPLIST_KEY_NSHumanReadableCopyright = "";
				IPHONEOS_DEPLOYMENT_TARGET = 18.2;
				LD_RUNPATH_SEARCH_PATHS = (
					"$(inherited)",
					"@executable_path/Frameworks",
					"@executable_path/../../Frameworks",
				);
				LOCALIZATION_PREFERS_STRING_CATALOGS = YES;
				MARKETING_VERSION = 1.0;
				PRODUCT_BUNDLE_IDENTIFIER = sg.ShortcutDemo.ShortcoutDemoIntentUI;
				PRODUCT_NAME = "$(TARGET_NAME)";
				SDKROOT = iphoneos;
				SKIP_INSTALL = YES;
				SWIFT_EMIT_LOC_STRINGS = YES;
				SWIFT_VERSION = 5.0;
				TARGETED_DEVICE_FAMILY = "1,2";
				VALIDATE_PRODUCT = YES;
			};
			name = Release;
		};
/* End XCBuildConfiguration section */

/* Begin XCConfigurationList section */
		885AE39528946EE2001F3808 /* Build configuration list for PBXProject "ShortcutDemo" */ = {
			isa = XCConfigurationList;
			buildConfigurations = (
				885AE3A728946EE5001F3808 /* Debug */,
				885AE3A828946EE5001F3808 /* Release */,
			);
			defaultConfigurationIsVisible = 0;
			defaultConfigurationName = Release;
		};
		885AE3A928946EE5001F3808 /* Build configuration list for PBXNativeTarget "ShortcutDemo" */ = {
			isa = XCConfigurationList;
			buildConfigurations = (
				885AE3AA28946EE5001F3808 /* Debug */,
				885AE3AB28946EE5001F3808 /* Release */,
			);
			defaultConfigurationIsVisible = 0;
			defaultConfigurationName = Release;
		};
		D23125DE2D40A51B002B8729 /* Build configuration list for PBXNativeTarget "ShortcoutDemoIntent" */ = {
			isa = XCConfigurationList;
			buildConfigurations = (
				D23125DF2D40A51B002B8729 /* Debug */,
				D23125E02D40A51B002B8729 /* Release */,
			);
			defaultConfigurationIsVisible = 0;
			defaultConfigurationName = Release;
		};
		D23125E22D40A51B002B8729 /* Build configuration list for PBXNativeTarget "ShortcoutDemoIntentUI" */ = {
			isa = XCConfigurationList;
			buildConfigurations = (
				D23125E32D40A51B002B8729 /* Debug */,
				D23125E42D40A51B002B8729 /* Release */,
			);
			defaultConfigurationIsVisible = 0;
			defaultConfigurationName = Release;
		};
/* End XCConfigurationList section */
	};
	rootObject = 885AE39228946EE2001F3808 /* Project object */;
}
