<?xml version="1.0" encoding="UTF-8"?>
<Scheme
   LastUpgradeVersion = "1620"
   wasCreatedForAppExtension = "YES"
   version = "2.0">
   <BuildAction
      parallelizeBuildables = "YES"
      buildImplicitDependencies = "YES"
      buildArchitectures = "Automatic">
      <BuildActionEntries>
         <BuildActionEntry
            buildForTesting = "YES"
            buildForRunning = "YES"
            buildForProfiling = "YES"
            buildForArchiving = "YES"
            buildForAnalyzing = "YES">
            <BuildableReference
               BuildableIdentifier = "primary"
               BlueprintIdentifier = "D2C89CF02D3DDAEE00C50943"
               BuildableName = "SiriDemoIntent.appex"
               BlueprintName = "SiriDemoIntent"
               ReferencedContainer = "container:SiriDemo.xcodeproj">
            </BuildableReference>
         </BuildActionEntry>
         <BuildActionEntry
            buildForTesting = "YES"
            buildForRunning = "YES"
            buildForProfiling = "YES"
            buildForArchiving = "YES"
            buildForAnalyzing = "YES">
            <BuildableReference
               BuildableIdentifier = "primary"
               BlueprintIdentifier = "D2C89CDA2D3DD0F300C50943"
               BuildableName = "SiriDemo.app"
               BlueprintName = "SiriDemo"
               ReferencedContainer = "container:SiriDemo.xcodeproj">
            </BuildableReference>
         </BuildActionEntry>
      </BuildActionEntries>
   </BuildAction>
   <TestAction
      buildConfiguration = "Debug"
      selectedDebuggerIdentifier = "Xcode.DebuggerFoundation.Debugger.LLDB"
      selectedLauncherIdentifier = "Xcode.DebuggerFoundation.Launcher.LLDB"
      shouldUseLaunchSchemeArgsEnv = "YES"
      shouldAutocreateTestPlan = "YES">
   </TestAction>
   <LaunchAction
      buildConfiguration = "Debug"
      intentQueryString = "SiriDemo &#xc571;&#xc73c;&#xb85c; &#xc874;&#xacfc; &#xcf00;&#xc774;&#xd2b8;&#xc5d0;&#xac8c; 10&#xbd84; &#xb2a6;&#xc744; &#xac83; &#xac19;&#xb2e4;&#xace0; &#xb9d0;&#xd574;&#xc918;"
      selectedDebuggerIdentifier = ""
      selectedLauncherIdentifier = "Xcode.IDEFoundation.Launcher.PosixSpawn"
      launchStyle = "0"
      askForAppToLaunch = "Yes"
      useCustomWorkingDirectory = "NO"
      ignoresPersistentStateOnLaunch = "NO"
      debugDocumentVersioning = "YES"
      debugServiceExtension = "internal"
      allowLocationSimulation = "YES"
      launchAutomaticallySubstyle = "2">
      <RemoteRunnable
         runnableDebuggingMode = "2"
         BundleIdentifier = "com.apple.notificationcenterui">
         <BuildableReference
            BuildableIdentifier = "primary"
            BlueprintIdentifier = "D2C89CF02D3DDAEE00C50943"
            BuildableName = "SiriDemoIntent.appex"
            BlueprintName = "SiriDemoIntent"
            ReferencedContainer = "container:SiriDemo.xcodeproj">
         </BuildableReference>
      </RemoteRunnable>
      <MacroExpansion>
         <BuildableReference
            BuildableIdentifier = "primary"
            BlueprintIdentifier = "D2C89CDA2D3DD0F300C50943"
            BuildableName = "SiriDemo.app"
            BlueprintName = "SiriDemo"
            ReferencedContainer = "container:SiriDemo.xcodeproj">
         </BuildableReference>
      </MacroExpansion>
   </LaunchAction>
   <ProfileAction
      buildConfiguration = "Release"
      intentQueryString = "SiriDemo &#xc571;&#xc73c;&#xb85c; &#xc874;&#xacfc; &#xcf00;&#xc774;&#xd2b8;&#xc5d0;&#xac8c; 10&#xbd84; &#xb2a6;&#xc744; &#xac83; &#xac19;&#xb2e4;&#xace0; &#xb9d0;&#xd574;&#xc918;"
      shouldUseLaunchSchemeArgsEnv = "YES"
      savedToolIdentifier = ""
      useCustomWorkingDirectory = "NO"
      debugDocumentVersioning = "YES"
      askForAppToLaunch = "Yes"
      launchAutomaticallySubstyle = "2">
      <BuildableProductRunnable
         runnableDebuggingMode = "0">
         <BuildableReference
            BuildableIdentifier = "primary"
            BlueprintIdentifier = "D2C89CDA2D3DD0F300C50943"
            BuildableName = "SiriDemo.app"
            BlueprintName = "SiriDemo"
            ReferencedContainer = "container:SiriDemo.xcodeproj">
         </BuildableReference>
      </BuildableProductRunnable>
   </ProfileAction>
   <AnalyzeAction
      buildConfiguration = "Debug">
   </AnalyzeAction>
   <ArchiveAction
      buildConfiguration = "Release"
      revealArchiveInOrganizer = "YES">
   </ArchiveAction>
</Scheme>
